// !$*UTF8*$!
{
	archiveVersion = 1;
	classes = {
	};
	objectVersion = 46;
	objects = {

/* Begin PBXBuildFile section */
		3EADC9EFA450602E1AEFFDBC /* libPods-MVVMLogin.a in Frameworks */ = {isa = PBXBuildFile; fileRef = 9D40C767A24AE21855C26284 /* libPods-MVVMLogin.a */; };
		A58C070DB2A453ABF0FB998B /* libPods-MVVMLoginTests.a in Frameworks */ = {isa = PBXBuildFile; fileRef = EFDD6C8B3A7B6F2C35BF3B00 /* libPods-MVVMLoginTests.a */; };
		F0A2D2F9E72DF92E36205797 /* libPods-MVVMLoginUITests.a in Frameworks */ = {isa = PBXBuildFile; fileRef = 3C4941112F5DF369D45F843E /* libPods-MVVMLoginUITests.a */; };
		F568E1D51D236922005FD810 /* main.m in Sources */ = {isa = PBXBuildFile; fileRef = F568E1D41D236922005FD810 /* main.m */; };
		F568E1D81D236922005FD810 /* AppDelegate.m in Sources */ = {isa = PBXBuildFile; fileRef = F568E1D71D236922005FD810 /* AppDelegate.m */; };
		F568E1DB1D236922005FD810 /* ViewController.m in Sources */ = {isa = PBXBuildFile; fileRef = F568E1DA1D236922005FD810 /* ViewController.m */; };
		F568E1DE1D236922005FD810 /* Main.storyboard in Resources */ = {isa = PBXBuildFile; fileRef = F568E1DC1D236922005FD810 /* Main.storyboard */; };
		F568E1E01D236922005FD810 /* Assets.xcassets in Resources */ = {isa = PBXBuildFile; fileRef = F568E1DF1D236922005FD810 /* Assets.xcassets */; };
		F568E1E31D236922005FD810 /* LaunchScreen.storyboard in Resources */ = {isa = PBXBuildFile; fileRef = F568E1E11D236922005FD810 /* LaunchScreen.storyboard */; };
		F568E1EE1D236922005FD810 /* MVVMLoginTests.m in Sources */ = {isa = PBXBuildFile; fileRef = F568E1ED1D236922005FD810 /* MVVMLoginTests.m */; };
		F568E1F91D236922005FD810 /* MVVMLoginUITests.m in Sources */ = {isa = PBXBuildFile; fileRef = F568E1F81D236922005FD810 /* MVVMLoginUITests.m */; };
/* End PBXBuildFile section */

/* Begin PBXContainerItemProxy section */
		F568E1EA1D236922005FD810 /* PBXContainerItemProxy */ = {
			isa = PBXContainerItemProxy;
			containerPortal = F568E1C81D236922005FD810 /* Project object */;
			proxyType = 1;
			remoteGlobalIDString = F568E1CF1D236922005FD810;
			remoteInfo = MVVMLogin;
		};
		F568E1F51D236922005FD810 /* PBXContainerItemProxy */ = {
			isa = PBXContainerItemProxy;
			containerPortal = F568E1C81D236922005FD810 /* Project object */;
			proxyType = 1;
			remoteGlobalIDString = F568E1CF1D236922005FD810;
			remoteInfo = MVVMLogin;
		};
/* End PBXContainerItemProxy section */

/* Begin PBXFileReference section */
		3B31F3A95DEBB317387EBD43 /* Pods-MVVMLoginUITests.release.xcconfig */ = {isa = PBXFileReference; includeInIndex = 1; lastKnownFileType = text.xcconfig; name = "Pods-MVVMLoginUITests.release.xcconfig"; path = "Pods/Target Support Files/Pods-MVVMLoginUITests/Pods-MVVMLoginUITests.release.xcconfig"; sourceTree = "<group>"; };
		3C4941112F5DF369D45F843E /* libPods-MVVMLoginUITests.a */ = {isa = PBXFileReference; explicitFileType = archive.ar; includeInIndex = 0; path = "libPods-MVVMLoginUITests.a"; sourceTree = BUILT_PRODUCTS_DIR; };
		5AA16EAE655054D97B9EF3C2 /* Pods-MVVMLoginUITests.debug.xcconfig */ = {isa = PBXFileReference; includeInIndex = 1; lastKnownFileType = text.xcconfig; name = "Pods-MVVMLoginUITests.debug.xcconfig"; path = "Pods/Target Support Files/Pods-MVVMLoginUITests/Pods-MVVMLoginUITests.debug.xcconfig"; sourceTree = "<group>"; };
		5FA00A56D6EF3F6C06E9A92B /* Pods-MVVMLoginTests.debug.xcconfig */ = {isa = PBXFileReference; includeInIndex = 1; lastKnownFileType = text.xcconfig; name = "Pods-MVVMLoginTests.debug.xcconfig"; path = "Pods/Target Support Files/Pods-MVVMLoginTests/Pods-MVVMLoginTests.debug.xcconfig"; sourceTree = "<group>"; };
		9D40C767A24AE21855C26284 /* libPods-MVVMLogin.a */ = {isa = PBXFileReference; explicitFileType = archive.ar; includeInIndex = 0; path = "libPods-MVVMLogin.a"; sourceTree = BUILT_PRODUCTS_DIR; };
		B6DB4D448593199E030706AF /* Pods-MVVMLogin.debug.xcconfig */ = {isa = PBXFileReference; includeInIndex = 1; lastKnownFileType = text.xcconfig; name = "Pods-MVVMLogin.debug.xcconfig"; path = "Pods/Target Support Files/Pods-MVVMLogin/Pods-MVVMLogin.debug.xcconfig"; sourceTree = "<group>"; };
		B7DABF77C217D69CAC8E085F /* Pods-MVVMLoginTests.release.xcconfig */ = {isa = PBXFileReference; includeInIndex = 1; lastKnownFileType = text.xcconfig; name = "Pods-MVVMLoginTests.release.xcconfig"; path = "Pods/Target Support Files/Pods-MVVMLoginTests/Pods-MVVMLoginTests.release.xcconfig"; sourceTree = "<group>"; };
		BE9C5ABA5749F4D4118B1EF9 /* Pods-MVVMLogin.release.xcconfig */ = {isa = PBXFileReference; includeInIndex = 1; lastKnownFileType = text.xcconfig; name = "Pods-MVVMLogin.release.xcconfig"; path = "Pods/Target Support Files/Pods-MVVMLogin/Pods-MVVMLogin.release.xcconfig"; sourceTree = "<group>"; };
		EFDD6C8B3A7B6F2C35BF3B00 /* libPods-MVVMLoginTests.a */ = {isa = PBXFileReference; explicitFileType = archive.ar; includeInIndex = 0; path = "libPods-MVVMLoginTests.a"; sourceTree = BUILT_PRODUCTS_DIR; };
		F568E1D01D236922005FD810 /* MVVMLogin.app */ = {isa = PBXFileReference; explicitFileType = wrapper.application; includeInIndex = 0; path = MVVMLogin.app; sourceTree = BUILT_PRODUCTS_DIR; };
		F568E1D41D236922005FD810 /* main.m */ = {isa = PBXFileReference; lastKnownFileType = sourcecode.c.objc; path = main.m; sourceTree = "<group>"; };
		F568E1D61D236922005FD810 /* AppDelegate.h */ = {isa = PBXFileReference; lastKnownFileType = sourcecode.c.h; path = AppDelegate.h; sourceTree = "<group>"; };
		F568E1D71D236922005FD810 /* AppDelegate.m */ = {isa = PBXFileReference; lastKnownFileType = sourcecode.c.objc; path = AppDelegate.m; sourceTree = "<group>"; };
		F568E1D91D236922005FD810 /* ViewController.h */ = {isa = PBXFileReference; lastKnownFileType = sourcecode.c.h; path = ViewController.h; sourceTree = "<group>"; };
		F568E1DA1D236922005FD810 /* ViewController.m */ = {isa = PBXFileReference; lastKnownFileType = sourcecode.c.objc; path = ViewController.m; sourceTree = "<group>"; };
		F568E1DD1D236922005FD810 /* Base */ = {isa = PBXFileReference; lastKnownFileType = file.storyboard; name = Base; path = Base.lproj/Main.storyboard; sourceTree = "<group>"; };
		F568E1DF1D236922005FD810 /* Assets.xcassets */ = {isa = PBXFileReference; lastKnownFileType = folder.assetcatalog; path = Assets.xcassets; sourceTree = "<group>"; };
		F568E1E21D236922005FD810 /* Base */ = {isa = PBXFileReference; lastKnownFileType = file.storyboard; name = Base; path = Base.lproj/LaunchScreen.storyboard; sourceTree = "<group>"; };
		F568E1E41D236922005FD810 /* Info.plist */ = {isa = PBXFileReference; lastKnownFileType = text.plist.xml; path = Info.plist; sourceTree = "<group>"; };
		F568E1E91D236922005FD810 /* MVVMLoginTests.xctest */ = {isa = PBXFileReference; explicitFileType = wrapper.cfbundle; includeInIndex = 0; path = MVVMLoginTests.xctest; sourceTree = BUILT_PRODUCTS_DIR; };
		F568E1ED1D236922005FD810 /* MVVMLoginTests.m */ = {isa = PBXFileReference; lastKnownFileType = sourcecode.c.objc; path = MVVMLoginTests.m; sourceTree = "<group>"; };
		F568E1EF1D236922005FD810 /* Info.plist */ = {isa = PBXFileReference; lastKnownFileType = text.plist.xml; path = Info.plist; sourceTree = "<group>"; };
		F568E1F41D236922005FD810 /* MVVMLoginUITests.xctest */ = {isa = PBXFileReference; explicitFileType = wrapper.cfbundle; includeInIndex = 0; path = MVVMLoginUITests.xctest; sourceTree = BUILT_PRODUCTS_DIR; };
		F568E1F81D236922005FD810 /* MVVMLoginUITests.m */ = {isa = PBXFileReference; lastKnownFileType = sourcecode.c.objc; path = MVVMLoginUITests.m; sourceTree = "<group>"; };
		F568E1FA1D236922005FD810 /* Info.plist */ = {isa = PBXFileReference; lastKnownFileType = text.plist.xml; path = Info.plist; sourceTree = "<group>"; };
/* End PBXFileReference section */

/* Begin PBXFrameworksBuildPhase section */
		F568E1CD1D236922005FD810 /* Frameworks */ = {
			isa = PBXFrameworksBuildPhase;
			buildActionMask = 2147483647;
			files = (
				3EADC9EFA450602E1AEFFDBC /* libPods-MVVMLogin.a in Frameworks */,
			);
			runOnlyForDeploymentPostprocessing = 0;
		};
		F568E1E61D236922005FD810 /* Frameworks */ = {
			isa = PBXFrameworksBuildPhase;
			buildActionMask = 2147483647;
			files = (
				A58C070DB2A453ABF0FB998B /* libPods-MVVMLoginTests.a in Frameworks */,
			);
			runOnlyForDeploymentPostprocessing = 0;
		};
		F568E1F11D236922005FD810 /* Frameworks */ = {
			isa = PBXFrameworksBuildPhase;
			buildActionMask = 2147483647;
			files = (
				F0A2D2F9E72DF92E36205797 /* libPods-MVVMLoginUITests.a in Frameworks */,
			);
			runOnlyForDeploymentPostprocessing = 0;
		};
/* End PBXFrameworksBuildPhase section */

/* Begin PBXGroup section */
		86186D6096454AFF9BB87C1A /* Pods */ = {
			isa = PBXGroup;
			children = (
				B6DB4D448593199E030706AF /* Pods-MVVMLogin.debug.xcconfig */,
				BE9C5ABA5749F4D4118B1EF9 /* Pods-MVVMLogin.release.xcconfig */,
				5FA00A56D6EF3F6C06E9A92B /* Pods-MVVMLoginTests.debug.xcconfig */,
				B7DABF77C217D69CAC8E085F /* Pods-MVVMLoginTests.release.xcconfig */,
				5AA16EAE655054D97B9EF3C2 /* Pods-MVVMLoginUITests.debug.xcconfig */,
				3B31F3A95DEBB317387EBD43 /* Pods-MVVMLoginUITests.release.xcconfig */,
			);
			name = Pods;
			sourceTree = "<group>";
		};
		BBCE09CA5955C488D6853E9D /* Frameworks */ = {
			isa = PBXGroup;
			children = (
				9D40C767A24AE21855C26284 /* libPods-MVVMLogin.a */,
				EFDD6C8B3A7B6F2C35BF3B00 /* libPods-MVVMLoginTests.a */,
				3C4941112F5DF369D45F843E /* libPods-MVVMLoginUITests.a */,
			);
			name = Frameworks;
			sourceTree = "<group>";
		};
		F568E1C71D236922005FD810 = {
			isa = PBXGroup;
			children = (
				F568E1D21D236922005FD810 /* MVVMLogin */,
				F568E1EC1D236922005FD810 /* MVVMLoginTests */,
				F568E1F71D236922005FD810 /* MVVMLoginUITests */,
				F568E1D11D236922005FD810 /* Products */,
				86186D6096454AFF9BB87C1A /* Pods */,
				BBCE09CA5955C488D6853E9D /* Frameworks */,
			);
			sourceTree = "<group>";
		};
		F568E1D11D236922005FD810 /* Products */ = {
			isa = PBXGroup;
			children = (
				F568E1D01D236922005FD810 /* MVVMLogin.app */,
				F568E1E91D236922005FD810 /* MVVMLoginTests.xctest */,
				F568E1F41D236922005FD810 /* MVVMLoginUITests.xctest */,
			);
			name = Products;
			sourceTree = "<group>";
		};
		F568E1D21D236922005FD810 /* MVVMLogin */ = {
			isa = PBXGroup;
			children = (
				F568E1D61D236922005FD810 /* AppDelegate.h */,
				F568E1D71D236922005FD810 /* AppDelegate.m */,
				F568E1D91D236922005FD810 /* ViewController.h */,
				F568E1DA1D236922005FD810 /* ViewController.m */,
				F568E1DC1D236922005FD810 /* Main.storyboard */,
				F568E1DF1D236922005FD810 /* Assets.xcassets */,
				F568E1E11D236922005FD810 /* LaunchScreen.storyboard */,
				F568E1E41D236922005FD810 /* Info.plist */,
				F568E1D31D236922005FD810 /* Supporting Files */,
			);
			path = MVVMLogin;
			sourceTree = "<group>";
		};
		F568E1D31D236922005FD810 /* Supporting Files */ = {
			isa = PBXGroup;
			children = (
				F568E1D41D236922005FD810 /* main.m */,
			);
			name = "Supporting Files";
			sourceTree = "<group>";
		};
		F568E1EC1D236922005FD810 /* MVVMLoginTests */ = {
			isa = PBXGroup;
			children = (
				F568E1ED1D236922005FD810 /* MVVMLoginTests.m */,
				F568E1EF1D236922005FD810 /* Info.plist */,
			);
			path = MVVMLoginTests;
			sourceTree = "<group>";
		};
		F568E1F71D236922005FD810 /* MVVMLoginUITests */ = {
			isa = PBXGroup;
			children = (
				F568E1F81D236922005FD810 /* MVVMLoginUITests.m */,
				F568E1FA1D236922005FD810 /* Info.plist */,
			);
			path = MVVMLoginUITests;
			sourceTree = "<group>";
		};
/* End PBXGroup section */

/* Begin PBXNativeTarget section */
		F568E1CF1D236922005FD810 /* MVVMLogin */ = {
			isa = PBXNativeTarget;
			buildConfigurationList = F568E1FD1D236922005FD810 /* Build configuration list for PBXNativeTarget "MVVMLogin" */;
			buildPhases = (
				9C57E57F57B749800EB8F433 /* 📦 Check Pods Manifest.lock */,
				F568E1CC1D236922005FD810 /* Sources */,
				F568E1CD1D236922005FD810 /* Frameworks */,
				F568E1CE1D236922005FD810 /* Resources */,
				A6AF5444C1BB338A6D08142C /* 📦 Embed Pods Frameworks */,
				46465DD99A5070954A815035 /* 📦 Copy Pods Resources */,
			);
			buildRules = (
			);
			dependencies = (
			);
			name = MVVMLogin;
			productName = MVVMLogin;
			productReference = F568E1D01D236922005FD810 /* MVVMLogin.app */;
			productType = "com.apple.product-type.application";
		};
		F568E1E81D236922005FD810 /* MVVMLoginTests */ = {
			isa = PBXNativeTarget;
			buildConfigurationList = F568E2001D236922005FD810 /* Build configuration list for PBXNativeTarget "MVVMLoginTests" */;
			buildPhases = (
				A866B1DF34E151DEF60BC904 /* 📦 Check Pods Manifest.lock */,
				F568E1E51D236922005FD810 /* Sources */,
				F568E1E61D236922005FD810 /* Frameworks */,
				F568E1E71D236922005FD810 /* Resources */,
				9DB113FD57ADA9809C3A7BB3 /* 📦 Embed Pods Frameworks */,
				C70C0DBB70DA92FF5957C204 /* 📦 Copy Pods Resources */,
			);
			buildRules = (
			);
			dependencies = (
				F568E1EB1D236922005FD810 /* PBXTargetDependency */,
			);
			name = MVVMLoginTests;
			productName = MVVMLoginTests;
			productReference = F568E1E91D236922005FD810 /* MVVMLoginTests.xctest */;
			productType = "com.apple.product-type.bundle.unit-test";
		};
		F568E1F31D236922005FD810 /* MVVMLoginUITests */ = {
			isa = PBXNativeTarget;
			buildConfigurationList = F568E2031D236922005FD810 /* Build configuration list for PBXNativeTarget "MVVMLoginUITests" */;
			buildPhases = (
				56F3D4C97BE4E3432A721E9C /* 📦 Check Pods Manifest.lock */,
				F568E1F01D236922005FD810 /* Sources */,
				F568E1F11D236922005FD810 /* Frameworks */,
				F568E1F21D236922005FD810 /* Resources */,
				5138F1FA6EC10AEC0892F505 /* 📦 Copy Pods Resources */,
			);
			buildRules = (
			);
			dependencies = (
				F568E1F61D236922005FD810 /* PBXTargetDependency */,
			);
			name = MVVMLoginUITests;
			productName = MVVMLoginUITests;
			productReference = F568E1F41D236922005FD810 /* MVVMLoginUITests.xctest */;
			productType = "com.apple.product-type.bundle.ui-testing";
		};
/* End PBXNativeTarget section */

/* Begin PBXProject section */
		F568E1C81D236922005FD810 /* Project object */ = {
			isa = PBXProject;
			attributes = {
				LastUpgradeCheck = 0730;
				ORGANIZATIONNAME = Junne;
				TargetAttributes = {
					F568E1CF1D236922005FD810 = {
						CreatedOnToolsVersion = 7.3.1;
					};
					F568E1E81D236922005FD810 = {
						CreatedOnToolsVersion = 7.3.1;
						TestTargetID = F568E1CF1D236922005FD810;
					};
					F568E1F31D236922005FD810 = {
						CreatedOnToolsVersion = 7.3.1;
						TestTargetID = F568E1CF1D236922005FD810;
					};
				};
			};
			buildConfigurationList = F568E1CB1D236922005FD810 /* Build configuration list for PBXProject "MVVMLogin" */;
			compatibilityVersion = "Xcode 3.2";
			developmentRegion = English;
			hasScannedForEncodings = 0;
			knownRegions = (
				en,
				Base,
			);
			mainGroup = F568E1C71D236922005FD810;
			productRefGroup = F568E1D11D236922005FD810 /* Products */;
			projectDirPath = "";
			projectRoot = "";
			targets = (
				F568E1CF1D236922005FD810 /* MVVMLogin */,
				F568E1E81D236922005FD810 /* MVVMLoginTests */,
				F568E1F31D236922005FD810 /* MVVMLoginUITests */,
			);
		};
/* End PBXProject section */

/* Begin PBXResourcesBuildPhase section */
		F568E1CE1D236922005FD810 /* Resources */ = {
			isa = PBXResourcesBuildPhase;
			buildActionMask = 2147483647;
			files = (
				F568E1E31D236922005FD810 /* LaunchScreen.storyboard in Resources */,
				F568E1E01D236922005FD810 /* Assets.xcassets in Resources */,
				F568E1DE1D236922005FD810 /* Main.storyboard in Resources */,
			);
			runOnlyForDeploymentPostprocessing = 0;
		};
		F568E1E71D236922005FD810 /* Resources */ = {
			isa = PBXResourcesBuildPhase;
			buildActionMask = 2147483647;
			files = (
			);
			runOnlyForDeploymentPostprocessing = 0;
		};
		F568E1F21D236922005FD810 /* Resources */ = {
			isa = PBXResourcesBuildPhase;
			buildActionMask = 2147483647;
			files = (
			);
			runOnlyForDeploymentPostprocessing = 0;
		};
/* End PBXResourcesBuildPhase section */

/* Begin PBXShellScriptBuildPhase section */
		46465DD99A5070954A815035 /* 📦 Copy Pods Resources */ = {
			isa = PBXShellScriptBuildPhase;
			buildActionMask = 2147483647;
			files = (
			);
			inputPaths = (
			);
			name = "📦 Copy Pods Resources";
			outputPaths = (
			);
			runOnlyForDeploymentPostprocessing = 0;
			shellPath = /bin/sh;
			shellScript = "\"${SRCROOT}/Pods/Target Support Files/Pods-MVVMLogin/Pods-MVVMLogin-resources.sh\"\n";
			showEnvVarsInLog = 0;
		};
		5138F1FA6EC10AEC0892F505 /* 📦 Copy Pods Resources */ = {
			isa = PBXShellScriptBuildPhase;
			buildActionMask = 2147483647;
			files = (
			);
			inputPaths = (
			);
			name = "📦 Copy Pods Resources";
			outputPaths = (
			);
			runOnlyForDeploymentPostprocessing = 0;
			shellPath = /bin/sh;
			shellScript = "\"${SRCROOT}/Pods/Target Support Files/Pods-MVVMLoginUITests/Pods-MVVMLoginUITests-resources.sh\"\n";
			showEnvVarsInLog = 0;
		};
		56F3D4C97BE4E3432A721E9C /* 📦 Check Pods Manifest.lock */ = {
			isa = PBXShellScriptBuildPhase;
			buildActionMask = 2147483647;
			files = (
			);
			inputPaths = (
			);
			name = "📦 Check Pods Manifest.lock";
			outputPaths = (
			);
			runOnlyForDeploymentPostprocessing = 0;
			shellPath = /bin/sh;
			shellScript = "diff \"${PODS_ROOT}/../Podfile.lock\" \"${PODS_ROOT}/Manifest.lock\" > /dev/null\nif [[ $? != 0 ]] ; then\n    cat << EOM\nerror: The sandbox is not in sync with the Podfile.lock. Run 'pod install' or update your CocoaPods installation.\nEOM\n    exit 1\nfi\n";
			showEnvVarsInLog = 0;
		};
		9C57E57F57B749800EB8F433 /* 📦 Check Pods Manifest.lock */ = {
			isa = PBXShellScriptBuildPhase;
			buildActionMask = 2147483647;
			files = (
			);
			inputPaths = (
			);
			name = "📦 Check Pods Manifest.lock";
			outputPaths = (
			);
			runOnlyForDeploymentPostprocessing = 0;
			shellPath = /bin/sh;
			shellScript = "diff \"${PODS_ROOT}/../Podfile.lock\" \"${PODS_ROOT}/Manifest.lock\" > /dev/null\nif [[ $? != 0 ]] ; then\n    cat << EOM\nerror: The sandbox is not in sync with the Podfile.lock. Run 'pod install' or update your CocoaPods installation.\nEOM\n    exit 1\nfi\n";
			showEnvVarsInLog = 0;
		};
		9DB113FD57ADA9809C3A7BB3 /* 📦 Embed Pods Frameworks */ = {
			isa = PBXShellScriptBuildPhase;
			buildActionMask = 2147483647;
			files = (
			);
			inputPaths = (
			);
			name = "📦 Embed Pods Frameworks";
			outputPaths = (
			);
			runOnlyForDeploymentPostprocessing = 0;
			shellPath = /bin/sh;
			shellScript = "\"${SRCROOT}/Pods/Target Support Files/Pods-MVVMLoginTests/Pods-MVVMLoginTests-frameworks.sh\"\n";
			showEnvVarsInLog = 0;
		};
		A6AF5444C1BB338A6D08142C /* 📦 Embed Pods Frameworks */ = {
			isa = PBXShellScriptBuildPhase;
			buildActionMask = 2147483647;
			files = (
			);
			inputPaths = (
			);
			name = "📦 Embed Pods Frameworks";
			outputPaths = (
			);
			runOnlyForDeploymentPostprocessing = 0;
			shellPath = /bin/sh;
			shellScript = "\"${SRCROOT}/Pods/Target Support Files/Pods-MVVMLogin/Pods-MVVMLogin-frameworks.sh\"\n";
			showEnvVarsInLog = 0;
		};
		A866B1DF34E151DEF60BC904 /* 📦 Check Pods Manifest.lock */ = {
			isa = PBXShellScriptBuildPhase;
			buildActionMask = 2147483647;
			files = (
			);
			inputPaths = (
			);
			name = "📦 Check Pods Manifest.lock";
			outputPaths = (
			);
			runOnlyForDeploymentPostprocessing = 0;
			shellPath = /bin/sh;
			shellScript = "diff \"${PODS_ROOT}/../Podfile.lock\" \"${PODS_ROOT}/Manifest.lock\" > /dev/null\nif [[ $? != 0 ]] ; then\n    cat << EOM\nerror: The sandbox is not in sync with the Podfile.lock. Run 'pod install' or update your CocoaPods installation.\nEOM\n    exit 1\nfi\n";
			showEnvVarsInLog = 0;
		};
		C70C0DBB70DA92FF5957C204 /* 📦 Copy Pods Resources */ = {
			isa = PBXShellScriptBuildPhase;
			buildActionMask = 2147483647;
			files = (
			);
			inputPaths = (
			);
			name = "📦 Copy Pods Resources";
			outputPaths = (
			);
			runOnlyForDeploymentPostprocessing = 0;
			shellPath = /bin/sh;
			shellScript = "\"${SRCROOT}/Pods/Target Support Files/Pods-MVVMLoginTests/Pods-MVVMLoginTests-resources.sh\"\n";
			showEnvVarsInLog = 0;
		};
/* End PBXShellScriptBuildPhase section */

/* Begin PBXSourcesBuildPhase section */
		F568E1CC1D236922005FD810 /* Sources */ = {
			isa = PBXSourcesBuildPhase;
			buildActionMask = 2147483647;
			files = (
				F568E1DB1D236922005FD810 /* ViewController.m in Sources */,
				F568E1D81D236922005FD810 /* AppDelegate.m in Sources */,
				F568E1D51D236922005FD810 /* main.m in Sources */,
			);
			runOnlyForDeploymentPostprocessing = 0;
		};
		F568E1E51D236922005FD810 /* Sources */ = {
			isa = PBXSourcesBuildPhase;
			buildActionMask = 2147483647;
			files = (
				F568E1EE1D236922005FD810 /* MVVMLoginTests.m in Sources */,
			);
			runOnlyForDeploymentPostprocessing = 0;
		};
		F568E1F01D236922005FD810 /* Sources */ = {
			isa = PBXSourcesBuildPhase;
			buildActionMask = 2147483647;
			files = (
				F568E1F91D236922005FD810 /* MVVMLoginUITests.m in Sources */,
			);
			runOnlyForDeploymentPostprocessing = 0;
		};
/* End PBXSourcesBuildPhase section */

/* Begin PBXTargetDependency section */
		F568E1EB1D236922005FD810 /* PBXTargetDependency */ = {
			isa = PBXTargetDependency;
			target = F568E1CF1D236922005FD810 /* MVVMLogin */;
			targetProxy = F568E1EA1D236922005FD810 /* PBXContainerItemProxy */;
		};
		F568E1F61D236922005FD810 /* PBXTargetDependency */ = {
			isa = PBXTargetDependency;
			target = F568E1CF1D236922005FD810 /* MVVMLogin */;
			targetProxy = F568E1F51D236922005FD810 /* PBXContainerItemProxy */;
		};
/* End PBXTargetDependency section */

/* Begin PBXVariantGroup section */
		F568E1DC1D236922005FD810 /* Main.storyboard */ = {
			isa = PBXVariantGroup;
			children = (
				F568E1DD1D236922005FD810 /* Base */,
			);
			name = Main.storyboard;
			sourceTree = "<group>";
		};
		F568E1E11D236922005FD810 /* LaunchScreen.storyboard */ = {
			isa = PBXVariantGroup;
			children = (
				F568E1E21D236922005FD810 /* Base */,
			);
			name = LaunchScreen.storyboard;
			sourceTree = "<group>";
		};
/* End PBXVariantGroup section */

/* Begin XCBuildConfiguration section */
		F568E1FB1D236922005FD810 /* Debug */ = {
			isa = XCBuildConfiguration;
			buildSettings = {
				ALWAYS_SEARCH_USER_PATHS = NO;
				CLANG_ANALYZER_NONNULL = YES;
				CLANG_CXX_LANGUAGE_STANDARD = "gnu++0x";
				CLANG_CXX_LIBRARY = "libc++";
				CLANG_ENABLE_MODULES = YES;
				CLANG_ENABLE_OBJC_ARC = YES;
				CLANG_WARN_BOOL_CONVERSION = YES;
				CLANG_WARN_CONSTANT_CONVERSION = YES;
				CLANG_WARN_DIRECT_OBJC_ISA_USAGE = YES_ERROR;
				CLANG_WARN_EMPTY_BODY = YES;
				CLANG_WARN_ENUM_CONVERSION = YES;
				CLANG_WARN_INT_CONVERSION = YES;
				CLANG_WARN_OBJC_ROOT_CLASS = YES_ERROR;
				CLANG_WARN_UNREACHABLE_CODE = YES;
				CLANG_WARN__DUPLICATE_METHOD_MATCH = YES;
				"CODE_SIGN_IDENTITY[sdk=iphoneos*]" = "iPhone Developer";
				COPY_PHASE_STRIP = NO;
				DEBUG_INFORMATION_FORMAT = dwarf;
				ENABLE_STRICT_OBJC_MSGSEND = YES;
				ENABLE_TESTABILITY = YES;
				GCC_C_LANGUAGE_STANDARD = gnu99;
				GCC_DYNAMIC_NO_PIC = NO;
				GCC_NO_COMMON_BLOCKS = YES;
				GCC_OPTIMIZATION_LEVEL = 0;
				GCC_PREPROCESSOR_DEFINITIONS = (
					"DEBUG=1",
					"$(inherited)",
				);
				GCC_WARN_64_TO_32_BIT_CONVERSION = YES;
				GCC_WARN_ABOUT_RETURN_TYPE = YES_ERROR;
				GCC_WARN_UNDECLARED_SELECTOR = YES;
				GCC_WARN_UNINITIALIZED_AUTOS = YES_AGGRESSIVE;
				GCC_WARN_UNUSED_FUNCTION = YES;
				GCC_WARN_UNUSED_VARIABLE = YES;
				IPHONEOS_DEPLOYMENT_TARGET = 9.3;
				MTL_ENABLE_DEBUG_INFO = YES;
				ONLY_ACTIVE_ARCH = YES;
				SDKROOT = iphoneos;
			};
			name = Debug;
		};
		F568E1FC1D236922005FD810 /* Release */ = {
			isa = XCBuildConfiguration;
			buildSettings = {
				ALWAYS_SEARCH_USER_PATHS = NO;
				CLANG_ANALYZER_NONNULL = YES;
				CLANG_CXX_LANGUAGE_STANDARD = "gnu++0x";
				CLANG_CXX_LIBRARY = "libc++";
				CLANG_ENABLE_MODULES = YES;
				CLANG_ENABLE_OBJC_ARC = YES;
				CLANG_WARN_BOOL_CONVERSION = YES;
				CLANG_WARN_CONSTANT_CONVERSION = YES;
				CLANG_WARN_DIRECT_OBJC_ISA_USAGE = YES_ERROR;
				CLANG_WARN_EMPTY_BODY = YES;
				CLANG_WARN_ENUM_CONVERSION = YES;
				CLANG_WARN_INT_CONVERSION = YES;
				CLANG_WARN_OBJC_ROOT_CLASS = YES_ERROR;
				CLANG_WARN_UNREACHABLE_CODE = YES;
				CLANG_WARN__DUPLICATE_METHOD_MATCH = YES;
				"CODE_SIGN_IDENTITY[sdk=iphoneos*]" = "iPhone Developer";
				COPY_PHASE_STRIP = NO;
				DEBUG_INFORMATION_FORMAT = "dwarf-with-dsym";
				ENABLE_NS_ASSERTIONS = NO;
				ENABLE_STRICT_OBJC_MSGSEND = YES;
				GCC_C_LANGUAGE_STANDARD = gnu99;
				GCC_NO_COMMON_BLOCKS = YES;
				GCC_WARN_64_TO_32_BIT_CONVERSION = YES;
				GCC_WARN_ABOUT_RETURN_TYPE = YES_ERROR;
				GCC_WARN_UNDECLARED_SELECTOR = YES;
				GCC_WARN_UNINITIALIZED_AUTOS = YES_AGGRESSIVE;
				GCC_WARN_UNUSED_FUNCTION = YES;
				GCC_WARN_UNUSED_VARIABLE = YES;
				IPHONEOS_DEPLOYMENT_TARGET = 9.3;
				MTL_ENABLE_DEBUG_INFO = NO;
				SDKROOT = iphoneos;
				VALIDATE_PRODUCT = YES;
			};
			name = Release;
		};
		F568E1FE1D236922005FD810 /* Debug */ = {
			isa = XCBuildConfiguration;
			baseConfigurationReference = B6DB4D448593199E030706AF /* Pods-MVVMLogin.debug.xcconfig */;
			buildSettings = {
				ASSETCATALOG_COMPILER_APPICON_NAME = AppIcon;
				INFOPLIST_FILE = MVVMLogin/Info.plist;
				IPHONEOS_DEPLOYMENT_TARGET = 9.0;
				LD_RUNPATH_SEARCH_PATHS = "$(inherited) @executable_path/Frameworks";
				PRODUCT_BUNDLE_IDENTIFIER = io.github.junne.MVVMLogin;
				PRODUCT_NAME = "$(TARGET_NAME)";
			};
			name = Debug;
		};
		F568E1FF1D236922005FD810 /* Release */ = {
			isa = XCBuildConfiguration;
			baseConfigurationReference = BE9C5ABA5749F4D4118B1EF9 /* Pods-MVVMLogin.release.xcconfig */;
			buildSettings = {
				ASSETCATALOG_COMPILER_APPICON_NAME = AppIcon;
				INFOPLIST_FILE = MVVMLogin/Info.plist;
				IPHONEOS_DEPLOYMENT_TARGET = 9.0;
				LD_RUNPATH_SEARCH_PATHS = "$(inherited) @executable_path/Frameworks";
				PRODUCT_BUNDLE_IDENTIFIER = io.github.junne.MVVMLogin;
				PRODUCT_NAME = "$(TARGET_NAME)";
			};
			name = Release;
		};
		F568E2011D236922005FD810 /* Debug */ = {
			isa = XCBuildConfiguration;
			baseConfigurationReference = 5FA00A56D6EF3F6C06E9A92B /* Pods-MVVMLoginTests.debug.xcconfig */;
			buildSettings = {
				BUNDLE_LOADER = "$(TEST_HOST)";
				INFOPLIST_FILE = MVVMLoginTests/Info.plist;
				LD_RUNPATH_SEARCH_PATHS = "$(inherited) @executable_path/Frameworks @loader_path/Frameworks";
				PRODUCT_BUNDLE_IDENTIFIER = io.github.junne.MVVMLoginTests;
				PRODUCT_NAME = "$(TARGET_NAME)";
				TEST_HOST = "$(BUILT_PRODUCTS_DIR)/MVVMLogin.app/MVVMLogin";
			};
			name = Debug;
		};
		F568E2021D236922005FD810 /* Release */ = {
			isa = XCBuildConfiguration;
			baseConfigurationReference = B7DABF77C217D69CAC8E085F /* Pods-MVVMLoginTests.release.xcconfig */;
			buildSettings = {
				BUNDLE_LOADER = "$(TEST_HOST)";
				INFOPLIST_FILE = MVVMLoginTests/Info.plist;
				LD_RUNPATH_SEARCH_PATHS = "$(inherited) @executable_path/Frameworks @loader_path/Frameworks";
				PRODUCT_BUNDLE_IDENTIFIER = io.github.junne.MVVMLoginTests;
				PRODUCT_NAME = "$(TARGET_NAME)";
				TEST_HOST = "$(BUILT_PRODUCTS_DIR)/MVVMLogin.app/MVVMLogin";
			};
			name = Release;
		};
		F568E2041D236922005FD810 /* Debug */ = {
			isa = XCBuildConfiguration;
			baseConfigurationReference = 5AA16EAE655054D97B9EF3C2 /* Pods-MVVMLoginUITests.debug.xcconfig */;
			buildSettings = {
				INFOPLIST_FILE = MVVMLoginUITests/Info.plist;
				LD_RUNPATH_SEARCH_PATHS = "$(inherited) @executable_path/Frameworks @loader_path/Frameworks";
				PRODUCT_BUNDLE_IDENTIFIER = io.github.junne.MVVMLoginUITests;
				PRODUCT_NAME = "$(TARGET_NAME)";
				TEST_TARGET_NAME = MVVMLogin;
			};
			name = Debug;
		};
		F568E2051D236922005FD810 /* Release */ = {
			isa = XCBuildConfiguration;
			baseConfigurationReference = 3B31F3A95DEBB317387EBD43 /* Pods-MVVMLoginUITests.release.xcconfig */;
			buildSettings = {
				INFOPLIST_FILE = MVVMLoginUITests/Info.plist;
				LD_RUNPATH_SEARCH_PATHS = "$(inherited) @executable_path/Frameworks @loader_path/Frameworks";
				PRODUCT_BUNDLE_IDENTIFIER = io.github.junne.MVVMLoginUITests;
				PRODUCT_NAME = "$(TARGET_NAME)";
				TEST_TARGET_NAME = MVVMLogin;
			};
			name = Release;
		};
/* End XCBuildConfiguration section */

/* Begin XCConfigurationList section */
		F568E1CB1D236922005FD810 /* Build configuration list for PBXProject "MVVMLogin" */ = {
			isa = XCConfigurationList;
			buildConfigurations = (
				F568E1FB1D236922005FD810 /* Debug */,
				F568E1FC1D236922005FD810 /* Release */,
			);
			defaultConfigurationIsVisible = 0;
			defaultConfigurationName = Release;
		};
		F568E1FD1D236922005FD810 /* Build configuration list for PBXNativeTarget "MVVMLogin" */ = {
			isa = XCConfigurationList;
			buildConfigurations = (
				F568E1FE1D236922005FD810 /* Debug */,
				F568E1FF1D236922005FD810 /* Release */,
			);
			defaultConfigurationIsVisible = 0;
			defaultConfigurationName = Release;
		};
		F568E2001D236922005FD810 /* Build configuration list for PBXNativeTarget "MVVMLoginTests" */ = {
			isa = XCConfigurationList;
			buildConfigurations = (
				F568E2011D236922005FD810 /* Debug */,
				F568E2021D236922005FD810 /* Release */,
			);
			defaultConfigurationIsVisible = 0;
			defaultConfigurationName = Release;
		};
		F568E2031D236922005FD810 /* Build configuration list for PBXNativeTarget "MVVMLoginUITests" */ = {
			isa = XCConfigurationList;
			buildConfigurations = (
				F568E2041D236922005FD810 /* Debug */,
				F568E2051D236922005FD810 /* Release */,
			);
			defaultConfigurationIsVisible = 0;
			defaultConfigurationName = Release;
		};
/* End XCConfigurationList section */
	};
	rootObject = F568E1C81D236922005FD810 /* Project object */;
}
